
Microsoft Visual Studio Solution File, Format Version 12.00
# Visual Studio 15
VisualStudioVersion = 15.0.27428.2027
MinimumVisualStudioVersion = 10.0.40219.1
Project("{8BC9CEB8-8B4A-11D0-8D11-00A0C91BC942}") = "VisualLinkedList", "VisualLinkedList\VisualLinkedList.vcxproj", "{40C8AEF8-B261-4A88-BC12-887DDFF0EF65}"
EndProject
Global
	GlobalSection(SolutionConfigurationPlatforms) = preSolution
		Debug|x64 = Debug|x64
		Debug|x86 = Debug|x86
		Release|x64 = Release|x64
		Release|x86 = Release|x86
	EndGlobalSection
	GlobalSection(ProjectConfigurationPlatforms) = postSolution
		{40C8AEF8-B261-4A88-BC12-887DDFF0EF65}.Debug|x64.ActiveCfg = Debug|x64
		{40C8AEF8-B261-4A88-BC12-887DDFF0EF65}.Debug|x64.Build.0 = Debug|x64
		{40C8AEF8-B261-4A88-BC12-887DDFF0EF65}.Debug|x86.ActiveCfg = Debug|Win32
		{40C8AEF8-B261-4A88-BC12-887DDFF0EF65}.Debug|x86.Build.0 = Debug|Win32
		{40C8AEF8-B261-4A88-BC12-887DDFF0EF65}.Release|x64.ActiveCfg = Release|x64
		{40C8AEF8-B261-4A88-BC12-887DDFF0EF65}.Release|x64.Build.0 = Release|x64
		{40C8AEF8-B261-4A88-BC12-887DDFF0EF65}.Release|x86.ActiveCfg = Release|Win32
		{40C8AEF8-B261-4A88-BC12-887DDFF0EF65}.Release|x86.Build.0 = Release|Win32
	EndGlobalSection
	GlobalSection(SolutionProperties) = preSolution
		HideSolutionNode = FALSE
	EndGlobalSection
	GlobalSection(ExtensibilityGlobals) = postSolution
		SolutionGuid = {1BCBEFFF-8B8A-409F-985C-6627726D3D02}
	EndGlobalSection
EndGlobal
